
Microsoft Visual Studio Solution File, Format Version 12.00
# Visual Studio Version 16
VisualStudioVersion = 16.0.31025.194
MinimumVisualStudioVersion = 10.0.40219.1
Project("{9A19103F-16F7-4668-BE54-9A1E7A4F7556}") = "HernoEditor", "Herno\HernoEditor.csproj", "{A0F047B6-E2FE-4150-9593-81371DE9E8BF}"
EndProject
Project("{9A19103F-16F7-4668-BE54-9A1E7A4F7556}") = "ImGui.NET", "ImGui.NET\src\ImGui.NET\ImGui.NET.csproj", "{1A268031-245D-41CA-B4F4-A340C5C2CA93}"
EndProject
Global
	GlobalSection(SolutionConfigurationPlatforms) = preSolution
		Debug|Any CPU = Debug|Any CPU
		Release|Any CPU = Release|Any CPU
	EndGlobalSection
	GlobalSection(ProjectConfigurationPlatforms) = postSolution
		{A0F047B6-E2FE-4150-9593-81371DE9E8BF}.Debug|Any CPU.ActiveCfg = Debug|Any CPU
		{A0F047B6-E2FE-4150-9593-81371DE9E8BF}.Debug|Any CPU.Build.0 = Debug|Any CPU
		{A0F047B6-E2FE-4150-9593-81371DE9E8BF}.Release|Any CPU.ActiveCfg = Release|Any CPU
		{A0F047B6-E2FE-4150-9593-81371DE9E8BF}.Release|Any CPU.Build.0 = Release|Any CPU
		{1A268031-245D-41CA-B4F4-A340C5C2CA93}.Debug|Any CPU.ActiveCfg = Debug|Any CPU
		{1A268031-245D-41CA-B4F4-A340C5C2CA93}.Debug|Any CPU.Build.0 = Debug|Any CPU
		{1A268031-245D-41CA-B4F4-A340C5C2CA93}.Release|Any CPU.ActiveCfg = Release|Any CPU
		{1A268031-245D-41CA-B4F4-A340C5C2CA93}.Release|Any CPU.Build.0 = Release|Any CPU
	EndGlobalSection
	GlobalSection(SolutionProperties) = preSolution
		HideSolutionNode = FALSE
	EndGlobalSection
	GlobalSection(ExtensibilityGlobals) = postSolution
		SolutionGuid = {638CF6BA-572F-40CC-BBF5-E9EC8D6C952C}
	EndGlobalSection
EndGlobal
